
Microsoft Visual Studio Solution File, Format Version 12.00
# Visual Studio Version 16
VisualStudioVersion = 16.0.30413.136
MinimumVisualStudioVersion = 15.0.26124.0
Project("{2150E333-8FDC-42A3-9474-1A3956D46DE8}") = "src", "src", "{7E81BDB0-A030-40C6-934E-23726EB45F17}"
EndProject
Project("{FAE04EC0-301F-11D3-BF4B-00C04F79EFBC}") = "TrelloTasker.api", "src\TrelloTasker.api\TrelloTasker.api.csproj", "{0B8BAAAC-B48C-404B-88FF-5FB6757EA679}"
EndProject
Project("{FAE04EC0-301F-11D3-BF4B-00C04F79EFBC}") = "TrelloTasker.Model", "src\TrelloTasker.Model\TrelloTasker.Model.csproj", "{9EC8B572-2CEA-456D-BFA3-7878DA2CB927}"
EndProject
Project("{FAE04EC0-301F-11D3-BF4B-00C04F79EFBC}") = "TrelloTasker.Application", "src\TrelloTasker.Application\TrelloTasker.Application.csproj", "{D34E55D9-4788-47E5-A734-0D1D5F31B883}"
EndProject
Global
	GlobalSection(SolutionConfigurationPlatforms) = preSolution
		Debug|Any CPU = Debug|Any CPU
		Debug|x64 = Debug|x64
		Debug|x86 = Debug|x86
		Release|Any CPU = Release|Any CPU
		Release|x64 = Release|x64
		Release|x86 = Release|x86
	EndGlobalSection
	GlobalSection(ProjectConfigurationPlatforms) = postSolution
		{0B8BAAAC-B48C-404B-88FF-5FB6757EA679}.Debug|Any CPU.ActiveCfg = Debug|Any CPU
		{0B8BAAAC-B48C-404B-88FF-5FB6757EA679}.Debug|Any CPU.Build.0 = Debug|Any CPU
		{0B8BAAAC-B48C-404B-88FF-5FB6757EA679}.Debug|x64.ActiveCfg = Debug|Any CPU
		{0B8BAAAC-B48C-404B-88FF-5FB6757EA679}.Debug|x64.Build.0 = Debug|Any CPU
		{0B8BAAAC-B48C-404B-88FF-5FB6757EA679}.Debug|x86.ActiveCfg = Debug|Any CPU
		{0B8BAAAC-B48C-404B-88FF-5FB6757EA679}.Debug|x86.Build.0 = Debug|Any CPU
		{0B8BAAAC-B48C-404B-88FF-5FB6757EA679}.Release|Any CPU.ActiveCfg = Release|Any CPU
		{0B8BAAAC-B48C-404B-88FF-5FB6757EA679}.Release|Any CPU.Build.0 = Release|Any CPU
		{0B8BAAAC-B48C-404B-88FF-5FB6757EA679}.Release|x64.ActiveCfg = Release|Any CPU
		{0B8BAAAC-B48C-404B-88FF-5FB6757EA679}.Release|x64.Build.0 = Release|Any CPU
		{0B8BAAAC-B48C-404B-88FF-5FB6757EA679}.Release|x86.ActiveCfg = Release|Any CPU
		{0B8BAAAC-B48C-404B-88FF-5FB6757EA679}.Release|x86.Build.0 = Release|Any CPU
		{9EC8B572-2CEA-456D-BFA3-7878DA2CB927}.Debug|Any CPU.ActiveCfg = Debug|Any CPU
		{9EC8B572-2CEA-456D-BFA3-7878DA2CB927}.Debug|Any CPU.Build.0 = Debug|Any CPU
		{9EC8B572-2CEA-456D-BFA3-7878DA2CB927}.Debug|x64.ActiveCfg = Debug|Any CPU
		{9EC8B572-2CEA-456D-BFA3-7878DA2CB927}.Debug|x64.Build.0 = Debug|Any CPU
		{9EC8B572-2CEA-456D-BFA3-7878DA2CB927}.Debug|x86.ActiveCfg = Debug|Any CPU
		{9EC8B572-2CEA-456D-BFA3-7878DA2CB927}.Debug|x86.Build.0 = Debug|Any CPU
		{9EC8B572-2CEA-456D-BFA3-7878DA2CB927}.Release|Any CPU.ActiveCfg = Release|Any CPU
		{9EC8B572-2CEA-456D-BFA3-7878DA2CB927}.Release|Any CPU.Build.0 = Release|Any CPU
		{9EC8B572-2CEA-456D-BFA3-7878DA2CB927}.Release|x64.ActiveCfg = Release|Any CPU
		{9EC8B572-2CEA-456D-BFA3-7878DA2CB927}.Release|x64.Build.0 = Release|Any CPU
		{9EC8B572-2CEA-456D-BFA3-7878DA2CB927}.Release|x86.ActiveCfg = Release|Any CPU
		{9EC8B572-2CEA-456D-BFA3-7878DA2CB927}.Release|x86.Build.0 = Release|Any CPU
		{D34E55D9-4788-47E5-A734-0D1D5F31B883}.Debug|Any CPU.ActiveCfg = Debug|Any CPU
		{D34E55D9-4788-47E5-A734-0D1D5F31B883}.Debug|Any CPU.Build.0 = Debug|Any CPU
		{D34E55D9-4788-47E5-A734-0D1D5F31B883}.Debug|x64.ActiveCfg = Debug|Any CPU
		{D34E55D9-4788-47E5-A734-0D1D5F31B883}.Debug|x64.Build.0 = Debug|Any CPU
		{D34E55D9-4788-47E5-A734-0D1D5F31B883}.Debug|x86.ActiveCfg = Debug|Any CPU
		{D34E55D9-4788-47E5-A734-0D1D5F31B883}.Debug|x86.Build.0 = Debug|Any CPU
		{D34E55D9-4788-47E5-A734-0D1D5F31B883}.Release|Any CPU.ActiveCfg = Release|Any CPU
		{D34E55D9-4788-47E5-A734-0D1D5F31B883}.Release|Any CPU.Build.0 = Release|Any CPU
		{D34E55D9-4788-47E5-A734-0D1D5F31B883}.Release|x64.ActiveCfg = Release|Any CPU
		{D34E55D9-4788-47E5-A734-0D1D5F31B883}.Release|x64.Build.0 = Release|Any CPU
		{D34E55D9-4788-47E5-A734-0D1D5F31B883}.Release|x86.ActiveCfg = Release|Any CPU
		{D34E55D9-4788-47E5-A734-0D1D5F31B883}.Release|x86.Build.0 = Release|Any CPU
	EndGlobalSection
	GlobalSection(SolutionProperties) = preSolution
		HideSolutionNode = FALSE
	EndGlobalSection
	GlobalSection(NestedProjects) = preSolution
		{0B8BAAAC-B48C-404B-88FF-5FB6757EA679} = {7E81BDB0-A030-40C6-934E-23726EB45F17}
		{9EC8B572-2CEA-456D-BFA3-7878DA2CB927} = {7E81BDB0-A030-40C6-934E-23726EB45F17}
		{D34E55D9-4788-47E5-A734-0D1D5F31B883} = {7E81BDB0-A030-40C6-934E-23726EB45F17}
	EndGlobalSection
	GlobalSection(ExtensibilityGlobals) = postSolution
		SolutionGuid = {A46EED42-ED52-4E16-8F24-3D54E6F744F8}
	EndGlobalSection
EndGlobal
